{
  "name": "backend-contactos",
  "version": "1.0.0",
  "lockfileVersion": 3,
  "requires": true,
  "packages": {
    "": {
      "name": "backend-contactos",
      "version": "1.0.0",
      "license": "ISC",
      "dependencies": {
        "backend-contactos": "file:",
        "dbjson": "^1.0.0"
      }
    },
    "node_modules/backend-contactos": {
      "resolved": "",
      "link": true
    },
    "node_modules/dbjson": {
      "version": "1.0.0",
      "resolved": "https://registry.npmjs.org/dbjson/-/dbjson-1.0.0.tgz",
      "integrity": "sha512-u2ELZyRiEF+NwiHIChuObTscjOGCqUPCPJDaSLexWpmk1yhEaV6ie0bz5/l5KT8X2pUJ/VcBkqW1JG1PGpPyJQ=="
    }
  }
}
